
Microsoft Visual Studio Solution File, Format Version 12.00
# Visual Studio Version 17
VisualStudioVersion = 17.7.34031.279
MinimumVisualStudioVersion = 10.0.40219.1
Project("{9A19103F-16F7-4668-BE54-9A1E7A4F7556}") = "MueblesPineda", "MueblesPineda\MueblesPineda.csproj", "{5CDDE73A-2504-4082-9C62-EF1F5B64CCC7}"
EndProject
Project("{FAE04EC0-301F-11D3-BF4B-00C04F79EFBC}") = "PaginaMuebles", "PaginaMuebles\PaginaMuebles.csproj", "{C5C01689-73F7-4150-AEEB-0E18192CC3C7}"
EndProject
Global
	GlobalSection(SolutionConfigurationPlatforms) = preSolution
		Debug|Any CPU = Debug|Any CPU
		Release|Any CPU = Release|Any CPU
	EndGlobalSection
	GlobalSection(ProjectConfigurationPlatforms) = postSolution
		{5CDDE73A-2504-4082-9C62-EF1F5B64CCC7}.Debug|Any CPU.ActiveCfg = Debug|Any CPU
		{5CDDE73A-2504-4082-9C62-EF1F5B64CCC7}.Debug|Any CPU.Build.0 = Debug|Any CPU
		{5CDDE73A-2504-4082-9C62-EF1F5B64CCC7}.Release|Any CPU.ActiveCfg = Release|Any CPU
		{5CDDE73A-2504-4082-9C62-EF1F5B64CCC7}.Release|Any CPU.Build.0 = Release|Any CPU
		{C5C01689-73F7-4150-AEEB-0E18192CC3C7}.Debug|Any CPU.ActiveCfg = Debug|Any CPU
		{C5C01689-73F7-4150-AEEB-0E18192CC3C7}.Debug|Any CPU.Build.0 = Debug|Any CPU
		{C5C01689-73F7-4150-AEEB-0E18192CC3C7}.Release|Any CPU.ActiveCfg = Release|Any CPU
		{C5C01689-73F7-4150-AEEB-0E18192CC3C7}.Release|Any CPU.Build.0 = Release|Any CPU
	EndGlobalSection
	GlobalSection(SolutionProperties) = preSolution
		HideSolutionNode = FALSE
	EndGlobalSection
	GlobalSection(ExtensibilityGlobals) = postSolution
		SolutionGuid = {6DB1F969-86A5-403C-8023-DF250A36D376}
	EndGlobalSection
EndGlobal
